
Microsoft Visual Studio Solution File, Format Version 12.00
# Visual Studio Version 17
VisualStudioVersion = 17.0.32126.317
MinimumVisualStudioVersion = 10.0.40219.1
Project("{FAE04EC0-301F-11D3-BF4B-00C04F79EFBC}") = "VitaminkiAPI", "VitaminkiAPI\VitaminkiAPI.csproj", "{642C209B-37F3-48EF-93A7-3AE7A7BFB023}"
EndProject
Global
	GlobalSection(SolutionConfigurationPlatforms) = preSolution
		Debug|Any CPU = Debug|Any CPU
		Release|Any CPU = Release|Any CPU
	EndGlobalSection
	GlobalSection(ProjectConfigurationPlatforms) = postSolution
		{642C209B-37F3-48EF-93A7-3AE7A7BFB023}.Debug|Any CPU.ActiveCfg = Debug|Any CPU
		{642C209B-37F3-48EF-93A7-3AE7A7BFB023}.Debug|Any CPU.Build.0 = Debug|Any CPU
		{642C209B-37F3-48EF-93A7-3AE7A7BFB023}.Release|Any CPU.ActiveCfg = Release|Any CPU
		{642C209B-37F3-48EF-93A7-3AE7A7BFB023}.Release|Any CPU.Build.0 = Release|Any CPU
	EndGlobalSection
	GlobalSection(SolutionProperties) = preSolution
		HideSolutionNode = FALSE
	EndGlobalSection
	GlobalSection(ExtensibilityGlobals) = postSolution
		SolutionGuid = {451CF86A-B7EC-49DE-AD54-D43EB7A10BEB}
	EndGlobalSection
EndGlobal
